
Microsoft Visual Studio Solution File, Format Version 12.00
# Visual Studio 15
Project("{FAE04EC0-301F-11D3-BF4B-00C04F79EFBC}") = "SalasEveris", "SalasEveris.csproj", "{13CC80FA-906E-440D-93F5-2910E8E7DDDE}"
EndProject
Global
	GlobalSection(SolutionConfigurationPlatforms) = preSolution
		Debug|Any CPU = Debug|Any CPU
		Release|Any CPU = Release|Any CPU
	EndGlobalSection
	GlobalSection(ProjectConfigurationPlatforms) = postSolution
		{13CC80FA-906E-440D-93F5-2910E8E7DDDE}.Debug|Any CPU.ActiveCfg = Debug|Any CPU
		{13CC80FA-906E-440D-93F5-2910E8E7DDDE}.Debug|Any CPU.Build.0 = Debug|Any CPU
		{13CC80FA-906E-440D-93F5-2910E8E7DDDE}.Release|Any CPU.ActiveCfg = Release|Any CPU
		{13CC80FA-906E-440D-93F5-2910E8E7DDDE}.Release|Any CPU.Build.0 = Release|Any CPU
	EndGlobalSection
EndGlobal
